{
  "name": "@openclawcash/mcp-server",
  "version": "0.1.27",
  "lockfileVersion": 3,
  "requires": true,
  "packages": {
    "": {
      "name": "@openclawcash/mcp-server",
      "version": "0.1.27",
      "license": "Proprietary",
      "dependencies": {
        "zod": "^3.24.2"
      },
      "bin": {
        "openclawcash-mcp": "bin/openclawcash-mcp.js"
      },
      "engines": {
        "node": ">=20"
      }
    },
    "node_modules/zod": {
      "version": "3.25.76",
      "resolved": "https://registry.npmjs.org/zod/-/zod-3.25.76.tgz",
      "integrity": "sha512-gzUt/qt81nXsFGKIFcC3YnfEAx5NkunCfnDlvuBSSFS02bcXu4Lmea0AFIUwbLWxWPx3d9p8S5QoaujKcNQxcQ==",
      "license": "MIT",
      "funding": {
        "url": "https://github.com/sponsors/colinhacks"
      }
    }
  }
}
